
Microsoft Visual Studio Solution File, Format Version 12.00
# Visual Studio Version 16
VisualStudioVersion = 16.0.30011.22
MinimumVisualStudioVersion = 10.0.40219.1
Project("{00D1A9C2-B5F0-4AF3-8072-F6C62B433612}") = "MDashbard.Database", "MDashbard.Database\MDashbard.Database.sqlproj", "{181BA42A-D047-43AB-9DE1-990947A92F22}"
EndProject
Project("{FAE04EC0-301F-11D3-BF4B-00C04F79EFBC}") = "MDashboard.DataAccess", "MDashboard.DataAccess\MDashboard.DataAccess.csproj", "{BDF6FAD9-1A82-4B94-9870-E3FF6D489026}"
EndProject
Project("{FAE04EC0-301F-11D3-BF4B-00C04F79EFBC}") = "MDashboard.Domain", "MDashboard.Domain\MDashboard.Domain.csproj", "{E28D1BFE-C1A3-4594-A379-BDF5CD254A06}"
EndProject
Project("{FAE04EC0-301F-11D3-BF4B-00C04F79EFBC}") = "MDashboard.WebAPI", "MDashboard.WebAPI\MDashboard.WebAPI.csproj", "{7DD4E4DB-6EB7-4C37-B7C2-EFC79B2256D2}"
EndProject
Project("{FAE04EC0-301F-11D3-BF4B-00C04F79EFBC}") = "MDashboard.Services", "MDashboard.Services\MDashboard.Services.csproj", "{789A7B91-237C-44AF-838B-7D4389D0B8D8}"
EndProject
Global
	GlobalSection(SolutionConfigurationPlatforms) = preSolution
		Debug|Any CPU = Debug|Any CPU
		Release|Any CPU = Release|Any CPU
	EndGlobalSection
	GlobalSection(ProjectConfigurationPlatforms) = postSolution
		{181BA42A-D047-43AB-9DE1-990947A92F22}.Debug|Any CPU.ActiveCfg = Debug|Any CPU
		{181BA42A-D047-43AB-9DE1-990947A92F22}.Debug|Any CPU.Build.0 = Debug|Any CPU
		{181BA42A-D047-43AB-9DE1-990947A92F22}.Debug|Any CPU.Deploy.0 = Debug|Any CPU
		{181BA42A-D047-43AB-9DE1-990947A92F22}.Release|Any CPU.ActiveCfg = Release|Any CPU
		{181BA42A-D047-43AB-9DE1-990947A92F22}.Release|Any CPU.Build.0 = Release|Any CPU
		{181BA42A-D047-43AB-9DE1-990947A92F22}.Release|Any CPU.Deploy.0 = Release|Any CPU
		{BDF6FAD9-1A82-4B94-9870-E3FF6D489026}.Debug|Any CPU.ActiveCfg = Debug|Any CPU
		{BDF6FAD9-1A82-4B94-9870-E3FF6D489026}.Debug|Any CPU.Build.0 = Debug|Any CPU
		{BDF6FAD9-1A82-4B94-9870-E3FF6D489026}.Release|Any CPU.ActiveCfg = Release|Any CPU
		{BDF6FAD9-1A82-4B94-9870-E3FF6D489026}.Release|Any CPU.Build.0 = Release|Any CPU
		{E28D1BFE-C1A3-4594-A379-BDF5CD254A06}.Debug|Any CPU.ActiveCfg = Debug|Any CPU
		{E28D1BFE-C1A3-4594-A379-BDF5CD254A06}.Debug|Any CPU.Build.0 = Debug|Any CPU
		{E28D1BFE-C1A3-4594-A379-BDF5CD254A06}.Release|Any CPU.ActiveCfg = Release|Any CPU
		{E28D1BFE-C1A3-4594-A379-BDF5CD254A06}.Release|Any CPU.Build.0 = Release|Any CPU
		{7DD4E4DB-6EB7-4C37-B7C2-EFC79B2256D2}.Debug|Any CPU.ActiveCfg = Debug|Any CPU
		{7DD4E4DB-6EB7-4C37-B7C2-EFC79B2256D2}.Debug|Any CPU.Build.0 = Debug|Any CPU
		{7DD4E4DB-6EB7-4C37-B7C2-EFC79B2256D2}.Release|Any CPU.ActiveCfg = Release|Any CPU
		{7DD4E4DB-6EB7-4C37-B7C2-EFC79B2256D2}.Release|Any CPU.Build.0 = Release|Any CPU
		{789A7B91-237C-44AF-838B-7D4389D0B8D8}.Debug|Any CPU.ActiveCfg = Debug|Any CPU
		{789A7B91-237C-44AF-838B-7D4389D0B8D8}.Debug|Any CPU.Build.0 = Debug|Any CPU
		{789A7B91-237C-44AF-838B-7D4389D0B8D8}.Release|Any CPU.ActiveCfg = Release|Any CPU
		{789A7B91-237C-44AF-838B-7D4389D0B8D8}.Release|Any CPU.Build.0 = Release|Any CPU
	EndGlobalSection
	GlobalSection(SolutionProperties) = preSolution
		HideSolutionNode = FALSE
	EndGlobalSection
	GlobalSection(ExtensibilityGlobals) = postSolution
		SolutionGuid = {C5478B8F-4332-4C60-80D5-98985133067F}
	EndGlobalSection
EndGlobal
